// !$*UTF8*$!
{
	archiveVersion = 1;
	classes = {
	};
	objectVersion = 50;
	objects = {

/* Begin PBXBuildFile section */
		CF4434DC222BAE17003EECBF /* AppDelegate.swift in Sources */ = {isa = PBXBuildFile; fileRef = CF4434DB222BAE17003EECBF /* AppDelegate.swift */; };
		CF4434DE222BAE17003EECBF /* ViewController.swift in Sources */ = {isa = PBXBuildFile; fileRef = CF4434DD222BAE17003EECBF /* ViewController.swift */; };
		CF4434E1222BAE17003EECBF /* Main.storyboard in Resources */ = {isa = PBXBuildFile; fileRef = CF4434DF222BAE17003EECBF /* Main.storyboard */; };
		CF4434E3222BAE17003EECBF /* Assets.xcassets in Resources */ = {isa = PBXBuildFile; fileRef = CF4434E2222BAE17003EECBF /* Assets.xcassets */; };
		CF4434E6222BAE17003EECBF /* LaunchScreen.storyboard in Resources */ = {isa = PBXBuildFile; fileRef = CF4434E4222BAE17003EECBF /* LaunchScreen.storyboard */; };
		CF4434F1222BAE17003EECBF /* musicTests.swift in Sources */ = {isa = PBXBuildFile; fileRef = CF4434F0222BAE17003EECBF /* musicTests.swift */; };
		CF4434FC222BAE17003EECBF /* musicUITests.swift in Sources */ = {isa = PBXBuildFile; fileRef = CF4434FB222BAE17003EECBF /* musicUITests.swift */; };
		CF44350A222BAEF2003EECBF /* TableViewController.swift in Sources */ = {isa = PBXBuildFile; fileRef = CF443509222BAEF2003EECBF /* TableViewController.swift */; };
		CF44350C222BAF50003EECBF /* books.xml in Resources */ = {isa = PBXBuildFile; fileRef = CF44350B222BAF50003EECBF /* books.xml */; };
/* End PBXBuildFile section */

/* Begin PBXContainerItemProxy section */
		CF4434ED222BAE17003EECBF /* PBXContainerItemProxy */ = {
			isa = PBXContainerItemProxy;
			containerPortal = CF4434D0222BAE17003EECBF /* Project object */;
			proxyType = 1;
			remoteGlobalIDString = CF4434D7222BAE17003EECBF;
			remoteInfo = music;
		};
		CF4434F8222BAE17003EECBF /* PBXContainerItemProxy */ = {
			isa = PBXContainerItemProxy;
			containerPortal = CF4434D0222BAE17003EECBF /* Project object */;
			proxyType = 1;
			remoteGlobalIDString = CF4434D7222BAE17003EECBF;
			remoteInfo = music;
		};
/* End PBXContainerItemProxy section */

/* Begin PBXFileReference section */
		CF4434D8222BAE17003EECBF /* music.app */ = {isa = PBXFileReference; explicitFileType = wrapper.application; includeInIndex = 0; path = music.app; sourceTree = BUILT_PRODUCTS_DIR; };
		CF4434DB222BAE17003EECBF /* AppDelegate.swift */ = {isa = PBXFileReference; lastKnownFileType = sourcecode.swift; path = AppDelegate.swift; sourceTree = "<group>"; };
		CF4434DD222BAE17003EECBF /* ViewController.swift */ = {isa = PBXFileReference; lastKnownFileType = sourcecode.swift; path = ViewController.swift; sourceTree = "<group>"; };
		CF4434E0222BAE17003EECBF /* Base */ = {isa = PBXFileReference; lastKnownFileType = file.storyboard; name = Base; path = Base.lproj/Main.storyboard; sourceTree = "<group>"; };
		CF4434E2222BAE17003EECBF /* Assets.xcassets */ = {isa = PBXFileReference; lastKnownFileType = folder.assetcatalog; path = Assets.xcassets; sourceTree = "<group>"; };
		CF4434E5222BAE17003EECBF /* Base */ = {isa = PBXFileReference; lastKnownFileType = file.storyboard; name = Base; path = Base.lproj/LaunchScreen.storyboard; sourceTree = "<group>"; };
		CF4434E7222BAE17003EECBF /* Info.plist */ = {isa = PBXFileReference; lastKnownFileType = text.plist.xml; path = Info.plist; sourceTree = "<group>"; };
		CF4434EC222BAE17003EECBF /* musicTests.xctest */ = {isa = PBXFileReference; explicitFileType = wrapper.cfbundle; includeInIndex = 0; path = musicTests.xctest; sourceTree = BUILT_PRODUCTS_DIR; };
		CF4434F0222BAE17003EECBF /* musicTests.swift */ = {isa = PBXFileReference; lastKnownFileType = sourcecode.swift; path = musicTests.swift; sourceTree = "<group>"; };
		CF4434F2222BAE17003EECBF /* Info.plist */ = {isa = PBXFileReference; lastKnownFileType = text.plist.xml; path = Info.plist; sourceTree = "<group>"; };
		CF4434F7222BAE17003EECBF /* musicUITests.xctest */ = {isa = PBXFileReference; explicitFileType = wrapper.cfbundle; includeInIndex = 0; path = musicUITests.xctest; sourceTree = BUILT_PRODUCTS_DIR; };
		CF4434FB222BAE17003EECBF /* musicUITests.swift */ = {isa = PBXFileReference; lastKnownFileType = sourcecode.swift; path = musicUITests.swift; sourceTree = "<group>"; };
		CF4434FD222BAE17003EECBF /* Info.plist */ = {isa = PBXFileReference; lastKnownFileType = text.plist.xml; path = Info.plist; sourceTree = "<group>"; };
		CF443509222BAEF2003EECBF /* TableViewController.swift */ = {isa = PBXFileReference; lastKnownFileType = sourcecode.swift; path = TableViewController.swift; sourceTree = "<group>"; };
		CF44350B222BAF50003EECBF /* books.xml */ = {isa = PBXFileReference; lastKnownFileType = text.xml; path = books.xml; sourceTree = "<group>"; };
/* End PBXFileReference section */

/* Begin PBXFrameworksBuildPhase section */
		CF4434D5222BAE17003EECBF /* Frameworks */ = {
			isa = PBXFrameworksBuildPhase;
			buildActionMask = 2147483647;
			files = (
			);
			runOnlyForDeploymentPostprocessing = 0;
		};
		CF4434E9222BAE17003EECBF /* Frameworks */ = {
			isa = PBXFrameworksBuildPhase;
			buildActionMask = 2147483647;
			files = (
			);
			runOnlyForDeploymentPostprocessing = 0;
		};
		CF4434F4222BAE17003EECBF /* Frameworks */ = {
			isa = PBXFrameworksBuildPhase;
			buildActionMask = 2147483647;
			files = (
			);
			runOnlyForDeploymentPostprocessing = 0;
		};
/* End PBXFrameworksBuildPhase section */

/* Begin PBXGroup section */
		CF4434CF222BAE17003EECBF = {
			isa = PBXGroup;
			children = (
				CF4434DA222BAE17003EECBF /* music */,
				CF4434EF222BAE17003EECBF /* musicTests */,
				CF4434FA222BAE17003EECBF /* musicUITests */,
				CF4434D9222BAE17003EECBF /* Products */,
			);
			sourceTree = "<group>";
		};
		CF4434D9222BAE17003EECBF /* Products */ = {
			isa = PBXGroup;
			children = (
				CF4434D8222BAE17003EECBF /* music.app */,
				CF4434EC222BAE17003EECBF /* musicTests.xctest */,
				CF4434F7222BAE17003EECBF /* musicUITests.xctest */,
			);
			name = Products;
			sourceTree = "<group>";
		};
		CF4434DA222BAE17003EECBF /* music */ = {
			isa = PBXGroup;
			children = (
				CF4434DB222BAE17003EECBF /* AppDelegate.swift */,
				CF4434DD222BAE17003EECBF /* ViewController.swift */,
				CF4434DF222BAE17003EECBF /* Main.storyboard */,
				CF44350B222BAF50003EECBF /* books.xml */,
				CF443509222BAEF2003EECBF /* TableViewController.swift */,
				CF4434E2222BAE17003EECBF /* Assets.xcassets */,
				CF4434E4222BAE17003EECBF /* LaunchScreen.storyboard */,
				CF4434E7222BAE17003EECBF /* Info.plist */,
			);
			path = music;
			sourceTree = "<group>";
		};
		CF4434EF222BAE17003EECBF /* musicTests */ = {
			isa = PBXGroup;
			children = (
				CF4434F0222BAE17003EECBF /* musicTests.swift */,
				CF4434F2222BAE17003EECBF /* Info.plist */,
			);
			path = musicTests;
			sourceTree = "<group>";
		};
		CF4434FA222BAE17003EECBF /* musicUITests */ = {
			isa = PBXGroup;
			children = (
				CF4434FB222BAE17003EECBF /* musicUITests.swift */,
				CF4434FD222BAE17003EECBF /* Info.plist */,
			);
			path = musicUITests;
			sourceTree = "<group>";
		};
/* End PBXGroup section */

/* Begin PBXNativeTarget section */
		CF4434D7222BAE17003EECBF /* music */ = {
			isa = PBXNativeTarget;
			buildConfigurationList = CF443500222BAE17003EECBF /* Build configuration list for PBXNativeTarget "music" */;
			buildPhases = (
				CF4434D4222BAE17003EECBF /* Sources */,
				CF4434D5222BAE17003EECBF /* Frameworks */,
				CF4434D6222BAE17003EECBF /* Resources */,
			);
			buildRules = (
			);
			dependencies = (
			);
			name = music;
			productName = music;
			productReference = CF4434D8222BAE17003EECBF /* music.app */;
			productType = "com.apple.product-type.application";
		};
		CF4434EB222BAE17003EECBF /* musicTests */ = {
			isa = PBXNativeTarget;
			buildConfigurationList = CF443503222BAE17003EECBF /* Build configuration list for PBXNativeTarget "musicTests" */;
			buildPhases = (
				CF4434E8222BAE17003EECBF /* Sources */,
				CF4434E9222BAE17003EECBF /* Frameworks */,
				CF4434EA222BAE17003EECBF /* Resources */,
			);
			buildRules = (
			);
			dependencies = (
				CF4434EE222BAE17003EECBF /* PBXTargetDependency */,
			);
			name = musicTests;
			productName = musicTests;
			productReference = CF4434EC222BAE17003EECBF /* musicTests.xctest */;
			productType = "com.apple.product-type.bundle.unit-test";
		};
		CF4434F6222BAE17003EECBF /* musicUITests */ = {
			isa = PBXNativeTarget;
			buildConfigurationList = CF443506222BAE17003EECBF /* Build configuration list for PBXNativeTarget "musicUITests" */;
			buildPhases = (
				CF4434F3222BAE17003EECBF /* Sources */,
				CF4434F4222BAE17003EECBF /* Frameworks */,
				CF4434F5222BAE17003EECBF /* Resources */,
			);
			buildRules = (
			);
			dependencies = (
				CF4434F9222BAE17003EECBF /* PBXTargetDependency */,
			);
			name = musicUITests;
			productName = musicUITests;
			productReference = CF4434F7222BAE17003EECBF /* musicUITests.xctest */;
			productType = "com.apple.product-type.bundle.ui-testing";
		};
/* End PBXNativeTarget section */

/* Begin PBXProject section */
		CF4434D0222BAE17003EECBF /* Project object */ = {
			isa = PBXProject;
			attributes = {
				LastSwiftUpdateCheck = 1000;
				LastUpgradeCheck = 1000;
				ORGANIZATIONNAME = "Ayman Zaher";
				TargetAttributes = {
					CF4434D7222BAE17003EECBF = {
						CreatedOnToolsVersion = 10.0;
					};
					CF4434EB222BAE17003EECBF = {
						CreatedOnToolsVersion = 10.0;
						TestTargetID = CF4434D7222BAE17003EECBF;
					};
					CF4434F6222BAE17003EECBF = {
						CreatedOnToolsVersion = 10.0;
						TestTargetID = CF4434D7222BAE17003EECBF;
					};
				};
			};
			buildConfigurationList = CF4434D3222BAE17003EECBF /* Build configuration list for PBXProject "music" */;
			compatibilityVersion = "Xcode 9.3";
			developmentRegion = en;
			hasScannedForEncodings = 0;
			knownRegions = (
				en,
				Base,
			);
			mainGroup = CF4434CF222BAE17003EECBF;
			productRefGroup = CF4434D9222BAE17003EECBF /* Products */;
			projectDirPath = "";
			projectRoot = "";
			targets = (
				CF4434D7222BAE17003EECBF /* music */,
				CF4434EB222BAE17003EECBF /* musicTests */,
				CF4434F6222BAE17003EECBF /* musicUITests */,
			);
		};
/* End PBXProject section */

/* Begin PBXResourcesBuildPhase section */
		CF4434D6222BAE17003EECBF /* Resources */ = {
			isa = PBXResourcesBuildPhase;
			buildActionMask = 2147483647;
			files = (
				CF4434E6222BAE17003EECBF /* LaunchScreen.storyboard in Resources */,
				CF4434E3222BAE17003EECBF /* Assets.xcassets in Resources */,
				CF44350C222BAF50003EECBF /* books.xml in Resources */,
				CF4434E1222BAE17003EECBF /* Main.storyboard in Resources */,
			);
			runOnlyForDeploymentPostprocessing = 0;
		};
		CF4434EA222BAE17003EECBF /* Resources */ = {
			isa = PBXResourcesBuildPhase;
			buildActionMask = 2147483647;
			files = (
			);
			runOnlyForDeploymentPostprocessing = 0;
		};
		CF4434F5222BAE17003EECBF /* Resources */ = {
			isa = PBXResourcesBuildPhase;
			buildActionMask = 2147483647;
			files = (
			);
			runOnlyForDeploymentPostprocessing = 0;
		};
/* End PBXResourcesBuildPhase section */

/* Begin PBXSourcesBuildPhase section */
		CF4434D4222BAE17003EECBF /* Sources */ = {
			isa = PBXSourcesBuildPhase;
			buildActionMask = 2147483647;
			files = (
				CF4434DE222BAE17003EECBF /* ViewController.swift in Sources */,
				CF44350A222BAEF2003EECBF /* TableViewController.swift in Sources */,
				CF4434DC222BAE17003EECBF /* AppDelegate.swift in Sources */,
			);
			runOnlyForDeploymentPostprocessing = 0;
		};
		CF4434E8222BAE17003EECBF /* Sources */ = {
			isa = PBXSourcesBuildPhase;
			buildActionMask = 2147483647;
			files = (
				CF4434F1222BAE17003EECBF /* musicTests.swift in Sources */,
			);
			runOnlyForDeploymentPostprocessing = 0;
		};
		CF4434F3222BAE17003EECBF /* Sources */ = {
			isa = PBXSourcesBuildPhase;
			buildActionMask = 2147483647;
			files = (
				CF4434FC222BAE17003EECBF /* musicUITests.swift in Sources */,
			);
			runOnlyForDeploymentPostprocessing = 0;
		};
/* End PBXSourcesBuildPhase section */

/* Begin PBXTargetDependency section */
		CF4434EE222BAE17003EECBF /* PBXTargetDependency */ = {
			isa = PBXTargetDependency;
			target = CF4434D7222BAE17003EECBF /* music */;
			targetProxy = CF4434ED222BAE17003EECBF /* PBXContainerItemProxy */;
		};
		CF4434F9222BAE17003EECBF /* PBXTargetDependency */ = {
			isa = PBXTargetDependency;
			target = CF4434D7222BAE17003EECBF /* music */;
			targetProxy = CF4434F8222BAE17003EECBF /* PBXContainerItemProxy */;
		};
/* End PBXTargetDependency section */

/* Begin PBXVariantGroup section */
		CF4434DF222BAE17003EECBF /* Main.storyboard */ = {
			isa = PBXVariantGroup;
			children = (
				CF4434E0222BAE17003EECBF /* Base */,
			);
			name = Main.storyboard;
			sourceTree = "<group>";
		};
		CF4434E4222BAE17003EECBF /* LaunchScreen.storyboard */ = {
			isa = PBXVariantGroup;
			children = (
				CF4434E5222BAE17003EECBF /* Base */,
			);
			name = LaunchScreen.storyboard;
			sourceTree = "<group>";
		};
/* End PBXVariantGroup section */

/* Begin XCBuildConfiguration section */
		CF4434FE222BAE17003EECBF /* Debug */ = {
			isa = XCBuildConfiguration;
			buildSettings = {
				ALWAYS_SEARCH_USER_PATHS = NO;
				CLANG_ANALYZER_NONNULL = YES;
				CLANG_ANALYZER_NUMBER_OBJECT_CONVERSION = YES_AGGRESSIVE;
				CLANG_CXX_LANGUAGE_STANDARD = "gnu++14";
				CLANG_CXX_LIBRARY = "libc++";
				CLANG_ENABLE_MODULES = YES;
				CLANG_ENABLE_OBJC_ARC = YES;
				CLANG_ENABLE_OBJC_WEAK = YES;
				CLANG_WARN_BLOCK_CAPTURE_AUTORELEASING = YES;
				CLANG_WARN_BOOL_CONVERSION = YES;
				CLANG_WARN_COMMA = YES;
				CLANG_WARN_CONSTANT_CONVERSION = YES;
				CLANG_WARN_DEPRECATED_OBJC_IMPLEMENTATIONS = YES;
				CLANG_WARN_DIRECT_OBJC_ISA_USAGE = YES_ERROR;
				CLANG_WARN_DOCUMENTATION_COMMENTS = YES;
				CLANG_WARN_EMPTY_BODY = YES;
				CLANG_WARN_ENUM_CONVERSION = YES;
				CLANG_WARN_INFINITE_RECURSION = YES;
				CLANG_WARN_INT_CONVERSION = YES;
				CLANG_WARN_NON_LITERAL_NULL_CONVERSION = YES;
				CLANG_WARN_OBJC_IMPLICIT_RETAIN_SELF = YES;
				CLANG_WARN_OBJC_LITERAL_CONVERSION = YES;
				CLANG_WARN_OBJC_ROOT_CLASS = YES_ERROR;
				CLANG_WARN_RANGE_LOOP_ANALYSIS = YES;
				CLANG_WARN_STRICT_PROTOTYPES = YES;
				CLANG_WARN_SUSPICIOUS_MOVE = YES;
				CLANG_WARN_UNGUARDED_AVAILABILITY = YES_AGGRESSIVE;
				CLANG_WARN_UNREACHABLE_CODE = YES;
				CLANG_WARN__DUPLICATE_METHOD_MATCH = YES;
				CODE_SIGN_IDENTITY = "iPhone Developer";
				COPY_PHASE_STRIP = NO;
				DEBUG_INFORMATION_FORMAT = dwarf;
				ENABLE_STRICT_OBJC_MSGSEND = YES;
				ENABLE_TESTABILITY = YES;
				GCC_C_LANGUAGE_STANDARD = gnu11;
				GCC_DYNAMIC_NO_PIC = NO;
				GCC_NO_COMMON_BLOCKS = YES;
				GCC_OPTIMIZATION_LEVEL = 0;
				GCC_PREPROCESSOR_DEFINITIONS = (
					"DEBUG=1",
					"$(inherited)",
				);
				GCC_WARN_64_TO_32_BIT_CONVERSION = YES;
				GCC_WARN_ABOUT_RETURN_TYPE = YES_ERROR;
				GCC_WARN_UNDECLARED_SELECTOR = YES;
				GCC_WARN_UNINITIALIZED_AUTOS = YES_AGGRESSIVE;
				GCC_WARN_UNUSED_FUNCTION = YES;
				GCC_WARN_UNUSED_VARIABLE = YES;
				IPHONEOS_DEPLOYMENT_TARGET = 12.0;
				MTL_ENABLE_DEBUG_INFO = INCLUDE_SOURCE;
				MTL_FAST_MATH = YES;
				ONLY_ACTIVE_ARCH = YES;
				SDKROOT = iphoneos;
				SWIFT_ACTIVE_COMPILATION_CONDITIONS = DEBUG;
				SWIFT_OPTIMIZATION_LEVEL = "-Onone";
			};
			name = Debug;
		};
		CF4434FF222BAE17003EECBF /* Release */ = {
			isa = XCBuildConfiguration;
			buildSettings = {
				ALWAYS_SEARCH_USER_PATHS = NO;
				CLANG_ANALYZER_NONNULL = YES;
				CLANG_ANALYZER_NUMBER_OBJECT_CONVERSION = YES_AGGRESSIVE;
				CLANG_CXX_LANGUAGE_STANDARD = "gnu++14";
				CLANG_CXX_LIBRARY = "libc++";
				CLANG_ENABLE_MODULES = YES;
				CLANG_ENABLE_OBJC_ARC = YES;
				CLANG_ENABLE_OBJC_WEAK = YES;
				CLANG_WARN_BLOCK_CAPTURE_AUTORELEASING = YES;
				CLANG_WARN_BOOL_CONVERSION = YES;
				CLANG_WARN_COMMA = YES;
				CLANG_WARN_CONSTANT_CONVERSION = YES;
				CLANG_WARN_DEPRECATED_OBJC_IMPLEMENTATIONS = YES;
				CLANG_WARN_DIRECT_OBJC_ISA_USAGE = YES_ERROR;
				CLANG_WARN_DOCUMENTATION_COMMENTS = YES;
				CLANG_WARN_EMPTY_BODY = YES;
				CLANG_WARN_ENUM_CONVERSION = YES;
				CLANG_WARN_INFINITE_RECURSION = YES;
				CLANG_WARN_INT_CONVERSION = YES;
				CLANG_WARN_NON_LITERAL_NULL_CONVERSION = YES;
				CLANG_WARN_OBJC_IMPLICIT_RETAIN_SELF = YES;
				CLANG_WARN_OBJC_LITERAL_CONVERSION = YES;
				CLANG_WARN_OBJC_ROOT_CLASS = YES_ERROR;
				CLANG_WARN_RANGE_LOOP_ANALYSIS = YES;
				CLANG_WARN_STRICT_PROTOTYPES = YES;
				CLANG_WARN_SUSPICIOUS_MOVE = YES;
				CLANG_WARN_UNGUARDED_AVAILABILITY = YES_AGGRESSIVE;
				CLANG_WARN_UNREACHABLE_CODE = YES;
				CLANG_WARN__DUPLICATE_METHOD_MATCH = YES;
				CODE_SIGN_IDENTITY = "iPhone Developer";
				COPY_PHASE_STRIP = NO;
				DEBUG_INFORMATION_FORMAT = "dwarf-with-dsym";
				ENABLE_NS_ASSERTIONS = NO;
				ENABLE_STRICT_OBJC_MSGSEND = YES;
				GCC_C_LANGUAGE_STANDARD = gnu11;
				GCC_NO_COMMON_BLOCKS = YES;
				GCC_WARN_64_TO_32_BIT_CONVERSION = YES;
				GCC_WARN_ABOUT_RETURN_TYPE = YES_ERROR;
				GCC_WARN_UNDECLARED_SELECTOR = YES;
				GCC_WARN_UNINITIALIZED_AUTOS = YES_AGGRESSIVE;
				GCC_WARN_UNUSED_FUNCTION = YES;
				GCC_WARN_UNUSED_VARIABLE = YES;
				IPHONEOS_DEPLOYMENT_TARGET = 12.0;
				MTL_ENABLE_DEBUG_INFO = NO;
				MTL_FAST_MATH = YES;
				SDKROOT = iphoneos;
				SWIFT_COMPILATION_MODE = wholemodule;
				SWIFT_OPTIMIZATION_LEVEL = "-O";
				VALIDATE_PRODUCT = YES;
			};
			name = Release;
		};
		CF443501222BAE17003EECBF /* Debug */ = {
			isa = XCBuildConfiguration;
			buildSettings = {
				ASSETCATALOG_COMPILER_APPICON_NAME = AppIcon;
				CODE_SIGN_STYLE = Automatic;
				DEVELOPMENT_TEAM = 76J7HNCRCM;
				INFOPLIST_FILE = music/Info.plist;
				LD_RUNPATH_SEARCH_PATHS = (
					"$(inherited)",
					"@executable_path/Frameworks",
				);
				PRODUCT_BUNDLE_IDENTIFIER = aymanzaher.music;
				PRODUCT_NAME = "$(TARGET_NAME)";
				SWIFT_VERSION = 4.2;
				TARGETED_DEVICE_FAMILY = "1,2";
			};
			name = Debug;
		};
		CF443502222BAE17003EECBF /* Release */ = {
			isa = XCBuildConfiguration;
			buildSettings = {
				ASSETCATALOG_COMPILER_APPICON_NAME = AppIcon;
				CODE_SIGN_STYLE = Automatic;
				DEVELOPMENT_TEAM = 76J7HNCRCM;
				INFOPLIST_FILE = music/Info.plist;
				LD_RUNPATH_SEARCH_PATHS = (
					"$(inherited)",
					"@executable_path/Frameworks",
				);
				PRODUCT_BUNDLE_IDENTIFIER = aymanzaher.music;
				PRODUCT_NAME = "$(TARGET_NAME)";
				SWIFT_VERSION = 4.2;
				TARGETED_DEVICE_FAMILY = "1,2";
			};
			name = Release;
		};
		CF443504222BAE17003EECBF /* Debug */ = {
			isa = XCBuildConfiguration;
			buildSettings = {
				ALWAYS_EMBED_SWIFT_STANDARD_LIBRARIES = YES;
				BUNDLE_LOADER = "$(TEST_HOST)";
				CODE_SIGN_STYLE = Automatic;
				DEVELOPMENT_TEAM = 76J7HNCRCM;
				INFOPLIST_FILE = musicTests/Info.plist;
				LD_RUNPATH_SEARCH_PATHS = (
					"$(inherited)",
					"@executable_path/Frameworks",
					"@loader_path/Frameworks",
				);
				PRODUCT_BUNDLE_IDENTIFIER = aymanzaher.musicTests;
				PRODUCT_NAME = "$(TARGET_NAME)";
				SWIFT_VERSION = 4.2;
				TARGETED_DEVICE_FAMILY = "1,2";
				TEST_HOST = "$(BUILT_PRODUCTS_DIR)/music.app/music";
			};
			name = Debug;
		};
		CF443505222BAE17003EECBF /* Release */ = {
			isa = XCBuildConfiguration;
			buildSettings = {
				ALWAYS_EMBED_SWIFT_STANDARD_LIBRARIES = YES;
				BUNDLE_LOADER = "$(TEST_HOST)";
				CODE_SIGN_STYLE = Automatic;
				DEVELOPMENT_TEAM = 76J7HNCRCM;
				INFOPLIST_FILE = musicTests/Info.plist;
				LD_RUNPATH_SEARCH_PATHS = (
					"$(inherited)",
					"@executable_path/Frameworks",
					"@loader_path/Frameworks",
				);
				PRODUCT_BUNDLE_IDENTIFIER = aymanzaher.musicTests;
				PRODUCT_NAME = "$(TARGET_NAME)";
				SWIFT_VERSION = 4.2;
				TARGETED_DEVICE_FAMILY = "1,2";
				TEST_HOST = "$(BUILT_PRODUCTS_DIR)/music.app/music";
			};
			name = Release;
		};
		CF443507222BAE17003EECBF /* Debug */ = {
			isa = XCBuildConfiguration;
			buildSettings = {
				ALWAYS_EMBED_SWIFT_STANDARD_LIBRARIES = YES;
				CODE_SIGN_STYLE = Automatic;
				DEVELOPMENT_TEAM = 76J7HNCRCM;
				INFOPLIST_FILE = musicUITests/Info.plist;
				LD_RUNPATH_SEARCH_PATHS = (
					"$(inherited)",
					"@executable_path/Frameworks",
					"@loader_path/Frameworks",
				);
				PRODUCT_BUNDLE_IDENTIFIER = aymanzaher.musicUITests;
				PRODUCT_NAME = "$(TARGET_NAME)";
				SWIFT_VERSION = 4.2;
				TARGETED_DEVICE_FAMILY = "1,2";
				TEST_TARGET_NAME = music;
			};
			name = Debug;
		};
		CF443508222BAE17003EECBF /* Release */ = {
			isa = XCBuildConfiguration;
			buildSettings = {
				ALWAYS_EMBED_SWIFT_STANDARD_LIBRARIES = YES;
				CODE_SIGN_STYLE = Automatic;
				DEVELOPMENT_TEAM = 76J7HNCRCM;
				INFOPLIST_FILE = musicUITests/Info.plist;
				LD_RUNPATH_SEARCH_PATHS = (
					"$(inherited)",
					"@executable_path/Frameworks",
					"@loader_path/Frameworks",
				);
				PRODUCT_BUNDLE_IDENTIFIER = aymanzaher.musicUITests;
				PRODUCT_NAME = "$(TARGET_NAME)";
				SWIFT_VERSION = 4.2;
				TARGETED_DEVICE_FAMILY = "1,2";
				TEST_TARGET_NAME = music;
			};
			name = Release;
		};
/* End XCBuildConfiguration section */

/* Begin XCConfigurationList section */
		CF4434D3222BAE17003EECBF /* Build configuration list for PBXProject "music" */ = {
			isa = XCConfigurationList;
			buildConfigurations = (
				CF4434FE222BAE17003EECBF /* Debug */,
				CF4434FF222BAE17003EECBF /* Release */,
			);
			defaultConfigurationIsVisible = 0;
			defaultConfigurationName = Release;
		};
		CF443500222BAE17003EECBF /* Build configuration list for PBXNativeTarget "music" */ = {
			isa = XCConfigurationList;
			buildConfigurations = (
				CF443501222BAE17003EECBF /* Debug */,
				CF443502222BAE17003EECBF /* Release */,
			);
			defaultConfigurationIsVisible = 0;
			defaultConfigurationName = Release;
		};
		CF443503222BAE17003EECBF /* Build configuration list for PBXNativeTarget "musicTests" */ = {
			isa = XCConfigurationList;
			buildConfigurations = (
				CF443504222BAE17003EECBF /* Debug */,
				CF443505222BAE17003EECBF /* Release */,
			);
			defaultConfigurationIsVisible = 0;
			defaultConfigurationName = Release;
		};
		CF443506222BAE17003EECBF /* Build configuration list for PBXNativeTarget "musicUITests" */ = {
			isa = XCConfigurationList;
			buildConfigurations = (
				CF443507222BAE17003EECBF /* Debug */,
				CF443508222BAE17003EECBF /* Release */,
			);
			defaultConfigurationIsVisible = 0;
			defaultConfigurationName = Release;
		};
/* End XCConfigurationList section */
	};
	rootObject = CF4434D0222BAE17003EECBF /* Project object */;
}
