// !$*UTF8*$!
{
	archiveVersion = 1;
	classes = {
	};
	objectVersion = 50;
	objects = {

/* Begin PBXBuildFile section */
		0D48AEC4C8B1FAD40F1EAA0B /* Pods_music_2Tests.framework in Frameworks */ = {isa = PBXBuildFile; fileRef = F555810182C6200C7B91652E /* Pods_music_2Tests.framework */; };
		7E940BA387CF4B0FD41431B8 /* Pods_music_2.framework in Frameworks */ = {isa = PBXBuildFile; fileRef = 620F5D09CF0055FA728EF7DE /* Pods_music_2.framework */; };
		A6BB2BDDFDB93D60304946BF /* Pods_music_2UITests.framework in Frameworks */ = {isa = PBXBuildFile; fileRef = C8A15B198DC9125E45F8308F /* Pods_music_2UITests.framework */; };
		CF299670223F3F0A006089A7 /* RequestViewController.swift in Sources */ = {isa = PBXBuildFile; fileRef = CF29966F223F3F0A006089A7 /* RequestViewController.swift */; };
		CF34210822396EEE004423D5 /* MusicViewController.swift in Sources */ = {isa = PBXBuildFile; fileRef = CF34210722396EEE004423D5 /* MusicViewController.swift */; };
		CF34210A22397240004423D5 /* MusicCell.swift in Sources */ = {isa = PBXBuildFile; fileRef = CF34210922397240004423D5 /* MusicCell.swift */; };
		CF4435D4222C4F96003EECBF /* AppDelegate.swift in Sources */ = {isa = PBXBuildFile; fileRef = CF4435D3222C4F96003EECBF /* AppDelegate.swift */; };
		CF4435D6222C4F96003EECBF /* FirstViewController.swift in Sources */ = {isa = PBXBuildFile; fileRef = CF4435D5222C4F96003EECBF /* FirstViewController.swift */; };
		CF4435DB222C4F96003EECBF /* Main.storyboard in Resources */ = {isa = PBXBuildFile; fileRef = CF4435D9222C4F96003EECBF /* Main.storyboard */; };
		CF4435DD222C4F96003EECBF /* Assets.xcassets in Resources */ = {isa = PBXBuildFile; fileRef = CF4435DC222C4F96003EECBF /* Assets.xcassets */; };
		CF4435E0222C4F96003EECBF /* LaunchScreen.storyboard in Resources */ = {isa = PBXBuildFile; fileRef = CF4435DE222C4F96003EECBF /* LaunchScreen.storyboard */; };
		CF4435EB222C4F96003EECBF /* music_2Tests.swift in Sources */ = {isa = PBXBuildFile; fileRef = CF4435EA222C4F96003EECBF /* music_2Tests.swift */; };
		CF4435F6222C4F96003EECBF /* music_2UITests.swift in Sources */ = {isa = PBXBuildFile; fileRef = CF4435F5222C4F96003EECBF /* music_2UITests.swift */; };
		CF671E592239A7D10090F170 /* DownloadedViewController.swift in Sources */ = {isa = PBXBuildFile; fileRef = CF671E582239A7D10090F170 /* DownloadedViewController.swift */; };
		CF6C59BF223B6CCC00D09CA4 /* DownloadCell.swift in Sources */ = {isa = PBXBuildFile; fileRef = CF6C59BE223B6CCC00D09CA4 /* DownloadCell.swift */; };
		CFEF13BE2240860D00831D0B /* Reachability.swift in Sources */ = {isa = PBXBuildFile; fileRef = CFEF13BD2240860D00831D0B /* Reachability.swift */; };
/* End PBXBuildFile section */

/* Begin PBXContainerItemProxy section */
		CF4435E7222C4F96003EECBF /* PBXContainerItemProxy */ = {
			isa = PBXContainerItemProxy;
			containerPortal = CF4435C8222C4F96003EECBF /* Project object */;
			proxyType = 1;
			remoteGlobalIDString = CF4435CF222C4F96003EECBF;
			remoteInfo = "music 2";
		};
		CF4435F2222C4F96003EECBF /* PBXContainerItemProxy */ = {
			isa = PBXContainerItemProxy;
			containerPortal = CF4435C8222C4F96003EECBF /* Project object */;
			proxyType = 1;
			remoteGlobalIDString = CF4435CF222C4F96003EECBF;
			remoteInfo = "music 2";
		};
/* End PBXContainerItemProxy section */

/* Begin PBXFileReference section */
		21B7A77255B173D667EB1289 /* Pods-music 2Tests.release.xcconfig */ = {isa = PBXFileReference; includeInIndex = 1; lastKnownFileType = text.xcconfig; name = "Pods-music 2Tests.release.xcconfig"; path = "Pods/Target Support Files/Pods-music 2Tests/Pods-music 2Tests.release.xcconfig"; sourceTree = "<group>"; };
		4754B65AF295E45C37F36AD3 /* Pods-music 2.debug.xcconfig */ = {isa = PBXFileReference; includeInIndex = 1; lastKnownFileType = text.xcconfig; name = "Pods-music 2.debug.xcconfig"; path = "Pods/Target Support Files/Pods-music 2/Pods-music 2.debug.xcconfig"; sourceTree = "<group>"; };
		620F5D09CF0055FA728EF7DE /* Pods_music_2.framework */ = {isa = PBXFileReference; explicitFileType = wrapper.framework; includeInIndex = 0; path = Pods_music_2.framework; sourceTree = BUILT_PRODUCTS_DIR; };
		715269005947BD1F0666DBE2 /* Pods-music 2UITests.release.xcconfig */ = {isa = PBXFileReference; includeInIndex = 1; lastKnownFileType = text.xcconfig; name = "Pods-music 2UITests.release.xcconfig"; path = "Pods/Target Support Files/Pods-music 2UITests/Pods-music 2UITests.release.xcconfig"; sourceTree = "<group>"; };
		C86F7D7DDF73894093C23BC8 /* Pods-music 2.release.xcconfig */ = {isa = PBXFileReference; includeInIndex = 1; lastKnownFileType = text.xcconfig; name = "Pods-music 2.release.xcconfig"; path = "Pods/Target Support Files/Pods-music 2/Pods-music 2.release.xcconfig"; sourceTree = "<group>"; };
		C8A15B198DC9125E45F8308F /* Pods_music_2UITests.framework */ = {isa = PBXFileReference; explicitFileType = wrapper.framework; includeInIndex = 0; path = Pods_music_2UITests.framework; sourceTree = BUILT_PRODUCTS_DIR; };
		CF29966F223F3F0A006089A7 /* RequestViewController.swift */ = {isa = PBXFileReference; lastKnownFileType = sourcecode.swift; path = RequestViewController.swift; sourceTree = "<group>"; };
		CF34210722396EEE004423D5 /* MusicViewController.swift */ = {isa = PBXFileReference; lastKnownFileType = sourcecode.swift; path = MusicViewController.swift; sourceTree = "<group>"; };
		CF34210922397240004423D5 /* MusicCell.swift */ = {isa = PBXFileReference; lastKnownFileType = sourcecode.swift; path = MusicCell.swift; sourceTree = "<group>"; };
		CF4435D0222C4F96003EECBF /* music 2.app */ = {isa = PBXFileReference; explicitFileType = wrapper.application; includeInIndex = 0; path = "music 2.app"; sourceTree = BUILT_PRODUCTS_DIR; };
		CF4435D3222C4F96003EECBF /* AppDelegate.swift */ = {isa = PBXFileReference; lastKnownFileType = sourcecode.swift; path = AppDelegate.swift; sourceTree = "<group>"; };
		CF4435D5222C4F96003EECBF /* FirstViewController.swift */ = {isa = PBXFileReference; lastKnownFileType = sourcecode.swift; path = FirstViewController.swift; sourceTree = "<group>"; };
		CF4435DA222C4F96003EECBF /* Base */ = {isa = PBXFileReference; lastKnownFileType = file.storyboard; name = Base; path = Base.lproj/Main.storyboard; sourceTree = "<group>"; };
		CF4435DC222C4F96003EECBF /* Assets.xcassets */ = {isa = PBXFileReference; lastKnownFileType = folder.assetcatalog; path = Assets.xcassets; sourceTree = "<group>"; };
		CF4435DF222C4F96003EECBF /* Base */ = {isa = PBXFileReference; lastKnownFileType = file.storyboard; name = Base; path = Base.lproj/LaunchScreen.storyboard; sourceTree = "<group>"; };
		CF4435E1222C4F96003EECBF /* Info.plist */ = {isa = PBXFileReference; lastKnownFileType = text.plist.xml; path = Info.plist; sourceTree = "<group>"; };
		CF4435E6222C4F96003EECBF /* music 2Tests.xctest */ = {isa = PBXFileReference; explicitFileType = wrapper.cfbundle; includeInIndex = 0; path = "music 2Tests.xctest"; sourceTree = BUILT_PRODUCTS_DIR; };
		CF4435EA222C4F96003EECBF /* music_2Tests.swift */ = {isa = PBXFileReference; lastKnownFileType = sourcecode.swift; path = music_2Tests.swift; sourceTree = "<group>"; };
		CF4435EC222C4F96003EECBF /* Info.plist */ = {isa = PBXFileReference; lastKnownFileType = text.plist.xml; path = Info.plist; sourceTree = "<group>"; };
		CF4435F1222C4F96003EECBF /* music 2UITests.xctest */ = {isa = PBXFileReference; explicitFileType = wrapper.cfbundle; includeInIndex = 0; path = "music 2UITests.xctest"; sourceTree = BUILT_PRODUCTS_DIR; };
		CF4435F5222C4F96003EECBF /* music_2UITests.swift */ = {isa = PBXFileReference; lastKnownFileType = sourcecode.swift; path = music_2UITests.swift; sourceTree = "<group>"; };
		CF4435F7222C4F96003EECBF /* Info.plist */ = {isa = PBXFileReference; lastKnownFileType = text.plist.xml; path = Info.plist; sourceTree = "<group>"; };
		CF671E582239A7D10090F170 /* DownloadedViewController.swift */ = {isa = PBXFileReference; lastKnownFileType = sourcecode.swift; path = DownloadedViewController.swift; sourceTree = "<group>"; };
		CF6C59BE223B6CCC00D09CA4 /* DownloadCell.swift */ = {isa = PBXFileReference; lastKnownFileType = sourcecode.swift; path = DownloadCell.swift; sourceTree = "<group>"; };
		CFEF13BD2240860D00831D0B /* Reachability.swift */ = {isa = PBXFileReference; lastKnownFileType = sourcecode.swift; path = Reachability.swift; sourceTree = "<group>"; };
		D31050B9E41DB5AD3D1243E2 /* Pods-music 2UITests.debug.xcconfig */ = {isa = PBXFileReference; includeInIndex = 1; lastKnownFileType = text.xcconfig; name = "Pods-music 2UITests.debug.xcconfig"; path = "Pods/Target Support Files/Pods-music 2UITests/Pods-music 2UITests.debug.xcconfig"; sourceTree = "<group>"; };
		DC52D0B0872059134ADFA273 /* Pods-music 2Tests.debug.xcconfig */ = {isa = PBXFileReference; includeInIndex = 1; lastKnownFileType = text.xcconfig; name = "Pods-music 2Tests.debug.xcconfig"; path = "Pods/Target Support Files/Pods-music 2Tests/Pods-music 2Tests.debug.xcconfig"; sourceTree = "<group>"; };
		F555810182C6200C7B91652E /* Pods_music_2Tests.framework */ = {isa = PBXFileReference; explicitFileType = wrapper.framework; includeInIndex = 0; path = Pods_music_2Tests.framework; sourceTree = BUILT_PRODUCTS_DIR; };
/* End PBXFileReference section */

/* Begin PBXFrameworksBuildPhase section */
		CF4435CD222C4F96003EECBF /* Frameworks */ = {
			isa = PBXFrameworksBuildPhase;
			buildActionMask = 2147483647;
			files = (
				7E940BA387CF4B0FD41431B8 /* Pods_music_2.framework in Frameworks */,
			);
			runOnlyForDeploymentPostprocessing = 0;
		};
		CF4435E3222C4F96003EECBF /* Frameworks */ = {
			isa = PBXFrameworksBuildPhase;
			buildActionMask = 2147483647;
			files = (
				0D48AEC4C8B1FAD40F1EAA0B /* Pods_music_2Tests.framework in Frameworks */,
			);
			runOnlyForDeploymentPostprocessing = 0;
		};
		CF4435EE222C4F96003EECBF /* Frameworks */ = {
			isa = PBXFrameworksBuildPhase;
			buildActionMask = 2147483647;
			files = (
				A6BB2BDDFDB93D60304946BF /* Pods_music_2UITests.framework in Frameworks */,
			);
			runOnlyForDeploymentPostprocessing = 0;
		};
/* End PBXFrameworksBuildPhase section */

/* Begin PBXGroup section */
		0F36B5AE55A90BF4D63EB9AC /* Frameworks */ = {
			isa = PBXGroup;
			children = (
				620F5D09CF0055FA728EF7DE /* Pods_music_2.framework */,
				F555810182C6200C7B91652E /* Pods_music_2Tests.framework */,
				C8A15B198DC9125E45F8308F /* Pods_music_2UITests.framework */,
			);
			name = Frameworks;
			sourceTree = "<group>";
		};
		CF4435C7222C4F96003EECBF = {
			isa = PBXGroup;
			children = (
				CF4435D2222C4F96003EECBF /* music 2 */,
				CF4435E9222C4F96003EECBF /* music 2Tests */,
				CF4435F4222C4F96003EECBF /* music 2UITests */,
				CF4435D1222C4F96003EECBF /* Products */,
				D95DC6AE37A46CBD2750A5E2 /* Pods */,
				0F36B5AE55A90BF4D63EB9AC /* Frameworks */,
			);
			sourceTree = "<group>";
		};
		CF4435D1222C4F96003EECBF /* Products */ = {
			isa = PBXGroup;
			children = (
				CF4435D0222C4F96003EECBF /* music 2.app */,
				CF4435E6222C4F96003EECBF /* music 2Tests.xctest */,
				CF4435F1222C4F96003EECBF /* music 2UITests.xctest */,
			);
			name = Products;
			sourceTree = "<group>";
		};
		CF4435D2222C4F96003EECBF /* music 2 */ = {
			isa = PBXGroup;
			children = (
				CF4435D3222C4F96003EECBF /* AppDelegate.swift */,
				CF4435D5222C4F96003EECBF /* FirstViewController.swift */,
				CF4435D9222C4F96003EECBF /* Main.storyboard */,
				CF4435DC222C4F96003EECBF /* Assets.xcassets */,
				CF4435DE222C4F96003EECBF /* LaunchScreen.storyboard */,
				CF4435E1222C4F96003EECBF /* Info.plist */,
				CF34210722396EEE004423D5 /* MusicViewController.swift */,
				CF34210922397240004423D5 /* MusicCell.swift */,
				CF671E582239A7D10090F170 /* DownloadedViewController.swift */,
				CF6C59BE223B6CCC00D09CA4 /* DownloadCell.swift */,
				CF29966F223F3F0A006089A7 /* RequestViewController.swift */,
				CFEF13BD2240860D00831D0B /* Reachability.swift */,
			);
			path = "music 2";
			sourceTree = "<group>";
		};
		CF4435E9222C4F96003EECBF /* music 2Tests */ = {
			isa = PBXGroup;
			children = (
				CF4435EA222C4F96003EECBF /* music_2Tests.swift */,
				CF4435EC222C4F96003EECBF /* Info.plist */,
			);
			path = "music 2Tests";
			sourceTree = "<group>";
		};
		CF4435F4222C4F96003EECBF /* music 2UITests */ = {
			isa = PBXGroup;
			children = (
				CF4435F5222C4F96003EECBF /* music_2UITests.swift */,
				CF4435F7222C4F96003EECBF /* Info.plist */,
			);
			path = "music 2UITests";
			sourceTree = "<group>";
		};
		D95DC6AE37A46CBD2750A5E2 /* Pods */ = {
			isa = PBXGroup;
			children = (
				4754B65AF295E45C37F36AD3 /* Pods-music 2.debug.xcconfig */,
				C86F7D7DDF73894093C23BC8 /* Pods-music 2.release.xcconfig */,
				DC52D0B0872059134ADFA273 /* Pods-music 2Tests.debug.xcconfig */,
				21B7A77255B173D667EB1289 /* Pods-music 2Tests.release.xcconfig */,
				D31050B9E41DB5AD3D1243E2 /* Pods-music 2UITests.debug.xcconfig */,
				715269005947BD1F0666DBE2 /* Pods-music 2UITests.release.xcconfig */,
			);
			name = Pods;
			sourceTree = "<group>";
		};
/* End PBXGroup section */

/* Begin PBXNativeTarget section */
		CF4435CF222C4F96003EECBF /* music 2 */ = {
			isa = PBXNativeTarget;
			buildConfigurationList = CF4435FA222C4F96003EECBF /* Build configuration list for PBXNativeTarget "music 2" */;
			buildPhases = (
				38FC5127DDCAFAAB534DD856 /* [CP] Check Pods Manifest.lock */,
				CF4435CC222C4F96003EECBF /* Sources */,
				CF4435CD222C4F96003EECBF /* Frameworks */,
				CF4435CE222C4F96003EECBF /* Resources */,
				DFEE19CCC321713DCD84A3E8 /* [CP] Embed Pods Frameworks */,
			);
			buildRules = (
			);
			dependencies = (
			);
			name = "music 2";
			productName = "music 2";
			productReference = CF4435D0222C4F96003EECBF /* music 2.app */;
			productType = "com.apple.product-type.application";
		};
		CF4435E5222C4F96003EECBF /* music 2Tests */ = {
			isa = PBXNativeTarget;
			buildConfigurationList = CF4435FD222C4F96003EECBF /* Build configuration list for PBXNativeTarget "music 2Tests" */;
			buildPhases = (
				D0494439B7F4B88C03787D5D /* [CP] Check Pods Manifest.lock */,
				CF4435E2222C4F96003EECBF /* Sources */,
				CF4435E3222C4F96003EECBF /* Frameworks */,
				CF4435E4222C4F96003EECBF /* Resources */,
			);
			buildRules = (
			);
			dependencies = (
				CF4435E8222C4F96003EECBF /* PBXTargetDependency */,
			);
			name = "music 2Tests";
			productName = "music 2Tests";
			productReference = CF4435E6222C4F96003EECBF /* music 2Tests.xctest */;
			productType = "com.apple.product-type.bundle.unit-test";
		};
		CF4435F0222C4F96003EECBF /* music 2UITests */ = {
			isa = PBXNativeTarget;
			buildConfigurationList = CF443600222C4F96003EECBF /* Build configuration list for PBXNativeTarget "music 2UITests" */;
			buildPhases = (
				3C2057C5BB5F0C21BD02CB4E /* [CP] Check Pods Manifest.lock */,
				CF4435ED222C4F96003EECBF /* Sources */,
				CF4435EE222C4F96003EECBF /* Frameworks */,
				CF4435EF222C4F96003EECBF /* Resources */,
			);
			buildRules = (
			);
			dependencies = (
				CF4435F3222C4F96003EECBF /* PBXTargetDependency */,
			);
			name = "music 2UITests";
			productName = "music 2UITests";
			productReference = CF4435F1222C4F96003EECBF /* music 2UITests.xctest */;
			productType = "com.apple.product-type.bundle.ui-testing";
		};
/* End PBXNativeTarget section */

/* Begin PBXProject section */
		CF4435C8222C4F96003EECBF /* Project object */ = {
			isa = PBXProject;
			attributes = {
				LastSwiftUpdateCheck = 1000;
				LastUpgradeCheck = 1000;
				ORGANIZATIONNAME = "Ayman Zaher";
				TargetAttributes = {
					CF4435CF222C4F96003EECBF = {
						CreatedOnToolsVersion = 10.0;
						SystemCapabilities = {
							com.apple.BackgroundModes = {
								enabled = 1;
							};
						};
					};
					CF4435E5222C4F96003EECBF = {
						CreatedOnToolsVersion = 10.0;
						TestTargetID = CF4435CF222C4F96003EECBF;
					};
					CF4435F0222C4F96003EECBF = {
						CreatedOnToolsVersion = 10.0;
						TestTargetID = CF4435CF222C4F96003EECBF;
					};
				};
			};
			buildConfigurationList = CF4435CB222C4F96003EECBF /* Build configuration list for PBXProject "music 2" */;
			compatibilityVersion = "Xcode 9.3";
			developmentRegion = en;
			hasScannedForEncodings = 0;
			knownRegions = (
				en,
				Base,
			);
			mainGroup = CF4435C7222C4F96003EECBF;
			productRefGroup = CF4435D1222C4F96003EECBF /* Products */;
			projectDirPath = "";
			projectRoot = "";
			targets = (
				CF4435CF222C4F96003EECBF /* music 2 */,
				CF4435E5222C4F96003EECBF /* music 2Tests */,
				CF4435F0222C4F96003EECBF /* music 2UITests */,
			);
		};
/* End PBXProject section */

/* Begin PBXResourcesBuildPhase section */
		CF4435CE222C4F96003EECBF /* Resources */ = {
			isa = PBXResourcesBuildPhase;
			buildActionMask = 2147483647;
			files = (
				CF4435E0222C4F96003EECBF /* LaunchScreen.storyboard in Resources */,
				CF4435DD222C4F96003EECBF /* Assets.xcassets in Resources */,
				CF4435DB222C4F96003EECBF /* Main.storyboard in Resources */,
			);
			runOnlyForDeploymentPostprocessing = 0;
		};
		CF4435E4222C4F96003EECBF /* Resources */ = {
			isa = PBXResourcesBuildPhase;
			buildActionMask = 2147483647;
			files = (
			);
			runOnlyForDeploymentPostprocessing = 0;
		};
		CF4435EF222C4F96003EECBF /* Resources */ = {
			isa = PBXResourcesBuildPhase;
			buildActionMask = 2147483647;
			files = (
			);
			runOnlyForDeploymentPostprocessing = 0;
		};
/* End PBXResourcesBuildPhase section */

/* Begin PBXShellScriptBuildPhase section */
		38FC5127DDCAFAAB534DD856 /* [CP] Check Pods Manifest.lock */ = {
			isa = PBXShellScriptBuildPhase;
			buildActionMask = 2147483647;
			files = (
			);
			inputFileListPaths = (
			);
			inputPaths = (
				"${PODS_PODFILE_DIR_PATH}/Podfile.lock",
				"${PODS_ROOT}/Manifest.lock",
			);
			name = "[CP] Check Pods Manifest.lock";
			outputFileListPaths = (
			);
			outputPaths = (
				"$(DERIVED_FILE_DIR)/Pods-music 2-checkManifestLockResult.txt",
			);
			runOnlyForDeploymentPostprocessing = 0;
			shellPath = /bin/sh;
			shellScript = "diff \"${PODS_PODFILE_DIR_PATH}/Podfile.lock\" \"${PODS_ROOT}/Manifest.lock\" > /dev/null\nif [ $? != 0 ] ; then\n    # print error to STDERR\n    echo \"error: The sandbox is not in sync with the Podfile.lock. Run 'pod install' or update your CocoaPods installation.\" >&2\n    exit 1\nfi\n# This output is used by Xcode 'outputs' to avoid re-running this script phase.\necho \"SUCCESS\" > \"${SCRIPT_OUTPUT_FILE_0}\"\n";
			showEnvVarsInLog = 0;
		};
		3C2057C5BB5F0C21BD02CB4E /* [CP] Check Pods Manifest.lock */ = {
			isa = PBXShellScriptBuildPhase;
			buildActionMask = 2147483647;
			files = (
			);
			inputFileListPaths = (
			);
			inputPaths = (
				"${PODS_PODFILE_DIR_PATH}/Podfile.lock",
				"${PODS_ROOT}/Manifest.lock",
			);
			name = "[CP] Check Pods Manifest.lock";
			outputFileListPaths = (
			);
			outputPaths = (
				"$(DERIVED_FILE_DIR)/Pods-music 2UITests-checkManifestLockResult.txt",
			);
			runOnlyForDeploymentPostprocessing = 0;
			shellPath = /bin/sh;
			shellScript = "diff \"${PODS_PODFILE_DIR_PATH}/Podfile.lock\" \"${PODS_ROOT}/Manifest.lock\" > /dev/null\nif [ $? != 0 ] ; then\n    # print error to STDERR\n    echo \"error: The sandbox is not in sync with the Podfile.lock. Run 'pod install' or update your CocoaPods installation.\" >&2\n    exit 1\nfi\n# This output is used by Xcode 'outputs' to avoid re-running this script phase.\necho \"SUCCESS\" > \"${SCRIPT_OUTPUT_FILE_0}\"\n";
			showEnvVarsInLog = 0;
		};
		D0494439B7F4B88C03787D5D /* [CP] Check Pods Manifest.lock */ = {
			isa = PBXShellScriptBuildPhase;
			buildActionMask = 2147483647;
			files = (
			);
			inputFileListPaths = (
			);
			inputPaths = (
				"${PODS_PODFILE_DIR_PATH}/Podfile.lock",
				"${PODS_ROOT}/Manifest.lock",
			);
			name = "[CP] Check Pods Manifest.lock";
			outputFileListPaths = (
			);
			outputPaths = (
				"$(DERIVED_FILE_DIR)/Pods-music 2Tests-checkManifestLockResult.txt",
			);
			runOnlyForDeploymentPostprocessing = 0;
			shellPath = /bin/sh;
			shellScript = "diff \"${PODS_PODFILE_DIR_PATH}/Podfile.lock\" \"${PODS_ROOT}/Manifest.lock\" > /dev/null\nif [ $? != 0 ] ; then\n    # print error to STDERR\n    echo \"error: The sandbox is not in sync with the Podfile.lock. Run 'pod install' or update your CocoaPods installation.\" >&2\n    exit 1\nfi\n# This output is used by Xcode 'outputs' to avoid re-running this script phase.\necho \"SUCCESS\" > \"${SCRIPT_OUTPUT_FILE_0}\"\n";
			showEnvVarsInLog = 0;
		};
		DFEE19CCC321713DCD84A3E8 /* [CP] Embed Pods Frameworks */ = {
			isa = PBXShellScriptBuildPhase;
			buildActionMask = 2147483647;
			files = (
			);
			inputFileListPaths = (
			);
			inputPaths = (
				"${SRCROOT}/Pods/Target Support Files/Pods-music 2/Pods-music 2-frameworks.sh",
				"${BUILT_PRODUCTS_DIR}/GoogleUtilities/GoogleUtilities.framework",
				"${BUILT_PRODUCTS_DIR}/nanopb/nanopb.framework",
			);
			name = "[CP] Embed Pods Frameworks";
			outputFileListPaths = (
			);
			outputPaths = (
				"${TARGET_BUILD_DIR}/${FRAMEWORKS_FOLDER_PATH}/GoogleUtilities.framework",
				"${TARGET_BUILD_DIR}/${FRAMEWORKS_FOLDER_PATH}/nanopb.framework",
			);
			runOnlyForDeploymentPostprocessing = 0;
			shellPath = /bin/sh;
			shellScript = "\"${SRCROOT}/Pods/Target Support Files/Pods-music 2/Pods-music 2-frameworks.sh\"\n";
			showEnvVarsInLog = 0;
		};
/* End PBXShellScriptBuildPhase section */

/* Begin PBXSourcesBuildPhase section */
		CF4435CC222C4F96003EECBF /* Sources */ = {
			isa = PBXSourcesBuildPhase;
			buildActionMask = 2147483647;
			files = (
				CF34210A22397240004423D5 /* MusicCell.swift in Sources */,
				CF34210822396EEE004423D5 /* MusicViewController.swift in Sources */,
				CF299670223F3F0A006089A7 /* RequestViewController.swift in Sources */,
				CF671E592239A7D10090F170 /* DownloadedViewController.swift in Sources */,
				CF4435D4222C4F96003EECBF /* AppDelegate.swift in Sources */,
				CF4435D6222C4F96003EECBF /* FirstViewController.swift in Sources */,
				CFEF13BE2240860D00831D0B /* Reachability.swift in Sources */,
				CF6C59BF223B6CCC00D09CA4 /* DownloadCell.swift in Sources */,
			);
			runOnlyForDeploymentPostprocessing = 0;
		};
		CF4435E2222C4F96003EECBF /* Sources */ = {
			isa = PBXSourcesBuildPhase;
			buildActionMask = 2147483647;
			files = (
				CF4435EB222C4F96003EECBF /* music_2Tests.swift in Sources */,
			);
			runOnlyForDeploymentPostprocessing = 0;
		};
		CF4435ED222C4F96003EECBF /* Sources */ = {
			isa = PBXSourcesBuildPhase;
			buildActionMask = 2147483647;
			files = (
				CF4435F6222C4F96003EECBF /* music_2UITests.swift in Sources */,
			);
			runOnlyForDeploymentPostprocessing = 0;
		};
/* End PBXSourcesBuildPhase section */

/* Begin PBXTargetDependency section */
		CF4435E8222C4F96003EECBF /* PBXTargetDependency */ = {
			isa = PBXTargetDependency;
			target = CF4435CF222C4F96003EECBF /* music 2 */;
			targetProxy = CF4435E7222C4F96003EECBF /* PBXContainerItemProxy */;
		};
		CF4435F3222C4F96003EECBF /* PBXTargetDependency */ = {
			isa = PBXTargetDependency;
			target = CF4435CF222C4F96003EECBF /* music 2 */;
			targetProxy = CF4435F2222C4F96003EECBF /* PBXContainerItemProxy */;
		};
/* End PBXTargetDependency section */

/* Begin PBXVariantGroup section */
		CF4435D9222C4F96003EECBF /* Main.storyboard */ = {
			isa = PBXVariantGroup;
			children = (
				CF4435DA222C4F96003EECBF /* Base */,
			);
			name = Main.storyboard;
			sourceTree = "<group>";
		};
		CF4435DE222C4F96003EECBF /* LaunchScreen.storyboard */ = {
			isa = PBXVariantGroup;
			children = (
				CF4435DF222C4F96003EECBF /* Base */,
			);
			name = LaunchScreen.storyboard;
			sourceTree = "<group>";
		};
/* End PBXVariantGroup section */

/* Begin XCBuildConfiguration section */
		CF4435F8222C4F96003EECBF /* Debug */ = {
			isa = XCBuildConfiguration;
			buildSettings = {
				ALWAYS_SEARCH_USER_PATHS = NO;
				CLANG_ANALYZER_NONNULL = YES;
				CLANG_ANALYZER_NUMBER_OBJECT_CONVERSION = YES_AGGRESSIVE;
				CLANG_CXX_LANGUAGE_STANDARD = "gnu++14";
				CLANG_CXX_LIBRARY = "libc++";
				CLANG_ENABLE_MODULES = YES;
				CLANG_ENABLE_OBJC_ARC = YES;
				CLANG_ENABLE_OBJC_WEAK = YES;
				CLANG_WARN_BLOCK_CAPTURE_AUTORELEASING = YES;
				CLANG_WARN_BOOL_CONVERSION = YES;
				CLANG_WARN_COMMA = YES;
				CLANG_WARN_CONSTANT_CONVERSION = YES;
				CLANG_WARN_DEPRECATED_OBJC_IMPLEMENTATIONS = YES;
				CLANG_WARN_DIRECT_OBJC_ISA_USAGE = YES_ERROR;
				CLANG_WARN_DOCUMENTATION_COMMENTS = YES;
				CLANG_WARN_EMPTY_BODY = YES;
				CLANG_WARN_ENUM_CONVERSION = YES;
				CLANG_WARN_INFINITE_RECURSION = YES;
				CLANG_WARN_INT_CONVERSION = YES;
				CLANG_WARN_NON_LITERAL_NULL_CONVERSION = YES;
				CLANG_WARN_OBJC_IMPLICIT_RETAIN_SELF = YES;
				CLANG_WARN_OBJC_LITERAL_CONVERSION = YES;
				CLANG_WARN_OBJC_ROOT_CLASS = YES_ERROR;
				CLANG_WARN_RANGE_LOOP_ANALYSIS = YES;
				CLANG_WARN_STRICT_PROTOTYPES = YES;
				CLANG_WARN_SUSPICIOUS_MOVE = YES;
				CLANG_WARN_UNGUARDED_AVAILABILITY = YES_AGGRESSIVE;
				CLANG_WARN_UNREACHABLE_CODE = YES;
				CLANG_WARN__DUPLICATE_METHOD_MATCH = YES;
				CODE_SIGN_IDENTITY = "iPhone Developer";
				COPY_PHASE_STRIP = NO;
				DEBUG_INFORMATION_FORMAT = dwarf;
				ENABLE_STRICT_OBJC_MSGSEND = YES;
				ENABLE_TESTABILITY = YES;
				GCC_C_LANGUAGE_STANDARD = gnu11;
				GCC_DYNAMIC_NO_PIC = NO;
				GCC_NO_COMMON_BLOCKS = YES;
				GCC_OPTIMIZATION_LEVEL = 0;
				GCC_PREPROCESSOR_DEFINITIONS = (
					"DEBUG=1",
					"$(inherited)",
				);
				GCC_WARN_64_TO_32_BIT_CONVERSION = YES;
				GCC_WARN_ABOUT_RETURN_TYPE = YES_ERROR;
				GCC_WARN_UNDECLARED_SELECTOR = YES;
				GCC_WARN_UNINITIALIZED_AUTOS = YES_AGGRESSIVE;
				GCC_WARN_UNUSED_FUNCTION = YES;
				GCC_WARN_UNUSED_VARIABLE = YES;
				IPHONEOS_DEPLOYMENT_TARGET = 12.0;
				MTL_ENABLE_DEBUG_INFO = INCLUDE_SOURCE;
				MTL_FAST_MATH = YES;
				ONLY_ACTIVE_ARCH = YES;
				SDKROOT = iphoneos;
				SWIFT_ACTIVE_COMPILATION_CONDITIONS = DEBUG;
				SWIFT_OPTIMIZATION_LEVEL = "-Onone";
			};
			name = Debug;
		};
		CF4435F9222C4F96003EECBF /* Release */ = {
			isa = XCBuildConfiguration;
			buildSettings = {
				ALWAYS_SEARCH_USER_PATHS = NO;
				CLANG_ANALYZER_NONNULL = YES;
				CLANG_ANALYZER_NUMBER_OBJECT_CONVERSION = YES_AGGRESSIVE;
				CLANG_CXX_LANGUAGE_STANDARD = "gnu++14";
				CLANG_CXX_LIBRARY = "libc++";
				CLANG_ENABLE_MODULES = YES;
				CLANG_ENABLE_OBJC_ARC = YES;
				CLANG_ENABLE_OBJC_WEAK = YES;
				CLANG_WARN_BLOCK_CAPTURE_AUTORELEASING = YES;
				CLANG_WARN_BOOL_CONVERSION = YES;
				CLANG_WARN_COMMA = YES;
				CLANG_WARN_CONSTANT_CONVERSION = YES;
				CLANG_WARN_DEPRECATED_OBJC_IMPLEMENTATIONS = YES;
				CLANG_WARN_DIRECT_OBJC_ISA_USAGE = YES_ERROR;
				CLANG_WARN_DOCUMENTATION_COMMENTS = YES;
				CLANG_WARN_EMPTY_BODY = YES;
				CLANG_WARN_ENUM_CONVERSION = YES;
				CLANG_WARN_INFINITE_RECURSION = YES;
				CLANG_WARN_INT_CONVERSION = YES;
				CLANG_WARN_NON_LITERAL_NULL_CONVERSION = YES;
				CLANG_WARN_OBJC_IMPLICIT_RETAIN_SELF = YES;
				CLANG_WARN_OBJC_LITERAL_CONVERSION = YES;
				CLANG_WARN_OBJC_ROOT_CLASS = YES_ERROR;
				CLANG_WARN_RANGE_LOOP_ANALYSIS = YES;
				CLANG_WARN_STRICT_PROTOTYPES = YES;
				CLANG_WARN_SUSPICIOUS_MOVE = YES;
				CLANG_WARN_UNGUARDED_AVAILABILITY = YES_AGGRESSIVE;
				CLANG_WARN_UNREACHABLE_CODE = YES;
				CLANG_WARN__DUPLICATE_METHOD_MATCH = YES;
				CODE_SIGN_IDENTITY = "iPhone Developer";
				COPY_PHASE_STRIP = NO;
				DEBUG_INFORMATION_FORMAT = "dwarf-with-dsym";
				ENABLE_NS_ASSERTIONS = NO;
				ENABLE_STRICT_OBJC_MSGSEND = YES;
				GCC_C_LANGUAGE_STANDARD = gnu11;
				GCC_NO_COMMON_BLOCKS = YES;
				GCC_WARN_64_TO_32_BIT_CONVERSION = YES;
				GCC_WARN_ABOUT_RETURN_TYPE = YES_ERROR;
				GCC_WARN_UNDECLARED_SELECTOR = YES;
				GCC_WARN_UNINITIALIZED_AUTOS = YES_AGGRESSIVE;
				GCC_WARN_UNUSED_FUNCTION = YES;
				GCC_WARN_UNUSED_VARIABLE = YES;
				IPHONEOS_DEPLOYMENT_TARGET = 12.0;
				MTL_ENABLE_DEBUG_INFO = NO;
				MTL_FAST_MATH = YES;
				SDKROOT = iphoneos;
				SWIFT_COMPILATION_MODE = wholemodule;
				SWIFT_OPTIMIZATION_LEVEL = "-O";
				VALIDATE_PRODUCT = YES;
			};
			name = Release;
		};
		CF4435FB222C4F96003EECBF /* Debug */ = {
			isa = XCBuildConfiguration;
			baseConfigurationReference = 4754B65AF295E45C37F36AD3 /* Pods-music 2.debug.xcconfig */;
			buildSettings = {
				ASSETCATALOG_COMPILER_APPICON_NAME = AppIcon;
				CODE_SIGN_IDENTITY = "iPhone Developer";
				CODE_SIGN_STYLE = Automatic;
				DEVELOPMENT_TEAM = 76J7HNCRCM;
				INFOPLIST_FILE = "music 2/Info.plist";
				IPHONEOS_DEPLOYMENT_TARGET = 12.0;
				LD_RUNPATH_SEARCH_PATHS = (
					"$(inherited)",
					"@executable_path/Frameworks",
				);
				PRODUCT_BUNDLE_IDENTIFIER = aymanzaher.music;
				PRODUCT_NAME = "$(TARGET_NAME)";
				PROVISIONING_PROFILE_SPECIFIER = "";
				SWIFT_VERSION = 4.2;
				TARGETED_DEVICE_FAMILY = "1,2";
			};
			name = Debug;
		};
		CF4435FC222C4F96003EECBF /* Release */ = {
			isa = XCBuildConfiguration;
			baseConfigurationReference = C86F7D7DDF73894093C23BC8 /* Pods-music 2.release.xcconfig */;
			buildSettings = {
				ASSETCATALOG_COMPILER_APPICON_NAME = AppIcon;
				CODE_SIGN_IDENTITY = "iPhone Developer";
				CODE_SIGN_STYLE = Automatic;
				DEVELOPMENT_TEAM = 76J7HNCRCM;
				INFOPLIST_FILE = "music 2/Info.plist";
				IPHONEOS_DEPLOYMENT_TARGET = 12.0;
				LD_RUNPATH_SEARCH_PATHS = (
					"$(inherited)",
					"@executable_path/Frameworks",
				);
				PRODUCT_BUNDLE_IDENTIFIER = aymanzaher.music;
				PRODUCT_NAME = "$(TARGET_NAME)";
				PROVISIONING_PROFILE_SPECIFIER = "";
				SWIFT_VERSION = 4.2;
				TARGETED_DEVICE_FAMILY = "1,2";
			};
			name = Release;
		};
		CF4435FE222C4F96003EECBF /* Debug */ = {
			isa = XCBuildConfiguration;
			baseConfigurationReference = DC52D0B0872059134ADFA273 /* Pods-music 2Tests.debug.xcconfig */;
			buildSettings = {
				ALWAYS_EMBED_SWIFT_STANDARD_LIBRARIES = YES;
				BUNDLE_LOADER = "$(TEST_HOST)";
				CODE_SIGN_STYLE = Automatic;
				DEVELOPMENT_TEAM = 76J7HNCRCM;
				INFOPLIST_FILE = "music 2Tests/Info.plist";
				LD_RUNPATH_SEARCH_PATHS = (
					"$(inherited)",
					"@executable_path/Frameworks",
					"@loader_path/Frameworks",
				);
				PRODUCT_BUNDLE_IDENTIFIER = "aymanzaher.music-2Tests";
				PRODUCT_NAME = "$(TARGET_NAME)";
				SWIFT_VERSION = 4.2;
				TARGETED_DEVICE_FAMILY = "1,2";
				TEST_HOST = "$(BUILT_PRODUCTS_DIR)/music 2.app/music 2";
			};
			name = Debug;
		};
		CF4435FF222C4F96003EECBF /* Release */ = {
			isa = XCBuildConfiguration;
			baseConfigurationReference = 21B7A77255B173D667EB1289 /* Pods-music 2Tests.release.xcconfig */;
			buildSettings = {
				ALWAYS_EMBED_SWIFT_STANDARD_LIBRARIES = YES;
				BUNDLE_LOADER = "$(TEST_HOST)";
				CODE_SIGN_STYLE = Automatic;
				DEVELOPMENT_TEAM = 76J7HNCRCM;
				INFOPLIST_FILE = "music 2Tests/Info.plist";
				LD_RUNPATH_SEARCH_PATHS = (
					"$(inherited)",
					"@executable_path/Frameworks",
					"@loader_path/Frameworks",
				);
				PRODUCT_BUNDLE_IDENTIFIER = "aymanzaher.music-2Tests";
				PRODUCT_NAME = "$(TARGET_NAME)";
				SWIFT_VERSION = 4.2;
				TARGETED_DEVICE_FAMILY = "1,2";
				TEST_HOST = "$(BUILT_PRODUCTS_DIR)/music 2.app/music 2";
			};
			name = Release;
		};
		CF443601222C4F96003EECBF /* Debug */ = {
			isa = XCBuildConfiguration;
			baseConfigurationReference = D31050B9E41DB5AD3D1243E2 /* Pods-music 2UITests.debug.xcconfig */;
			buildSettings = {
				ALWAYS_EMBED_SWIFT_STANDARD_LIBRARIES = YES;
				CODE_SIGN_STYLE = Automatic;
				DEVELOPMENT_TEAM = 76J7HNCRCM;
				INFOPLIST_FILE = "music 2UITests/Info.plist";
				LD_RUNPATH_SEARCH_PATHS = (
					"$(inherited)",
					"@executable_path/Frameworks",
					"@loader_path/Frameworks",
				);
				PRODUCT_BUNDLE_IDENTIFIER = "aymanzaher.music-2UITests";
				PRODUCT_NAME = "$(TARGET_NAME)";
				SWIFT_VERSION = 4.2;
				TARGETED_DEVICE_FAMILY = "1,2";
				TEST_TARGET_NAME = "music 2";
			};
			name = Debug;
		};
		CF443602222C4F96003EECBF /* Release */ = {
			isa = XCBuildConfiguration;
			baseConfigurationReference = 715269005947BD1F0666DBE2 /* Pods-music 2UITests.release.xcconfig */;
			buildSettings = {
				ALWAYS_EMBED_SWIFT_STANDARD_LIBRARIES = YES;
				CODE_SIGN_STYLE = Automatic;
				DEVELOPMENT_TEAM = 76J7HNCRCM;
				INFOPLIST_FILE = "music 2UITests/Info.plist";
				LD_RUNPATH_SEARCH_PATHS = (
					"$(inherited)",
					"@executable_path/Frameworks",
					"@loader_path/Frameworks",
				);
				PRODUCT_BUNDLE_IDENTIFIER = "aymanzaher.music-2UITests";
				PRODUCT_NAME = "$(TARGET_NAME)";
				SWIFT_VERSION = 4.2;
				TARGETED_DEVICE_FAMILY = "1,2";
				TEST_TARGET_NAME = "music 2";
			};
			name = Release;
		};
/* End XCBuildConfiguration section */

/* Begin XCConfigurationList section */
		CF4435CB222C4F96003EECBF /* Build configuration list for PBXProject "music 2" */ = {
			isa = XCConfigurationList;
			buildConfigurations = (
				CF4435F8222C4F96003EECBF /* Debug */,
				CF4435F9222C4F96003EECBF /* Release */,
			);
			defaultConfigurationIsVisible = 0;
			defaultConfigurationName = Release;
		};
		CF4435FA222C4F96003EECBF /* Build configuration list for PBXNativeTarget "music 2" */ = {
			isa = XCConfigurationList;
			buildConfigurations = (
				CF4435FB222C4F96003EECBF /* Debug */,
				CF4435FC222C4F96003EECBF /* Release */,
			);
			defaultConfigurationIsVisible = 0;
			defaultConfigurationName = Release;
		};
		CF4435FD222C4F96003EECBF /* Build configuration list for PBXNativeTarget "music 2Tests" */ = {
			isa = XCConfigurationList;
			buildConfigurations = (
				CF4435FE222C4F96003EECBF /* Debug */,
				CF4435FF222C4F96003EECBF /* Release */,
			);
			defaultConfigurationIsVisible = 0;
			defaultConfigurationName = Release;
		};
		CF443600222C4F96003EECBF /* Build configuration list for PBXNativeTarget "music 2UITests" */ = {
			isa = XCConfigurationList;
			buildConfigurations = (
				CF443601222C4F96003EECBF /* Debug */,
				CF443602222C4F96003EECBF /* Release */,
			);
			defaultConfigurationIsVisible = 0;
			defaultConfigurationName = Release;
		};
/* End XCConfigurationList section */
	};
	rootObject = CF4435C8222C4F96003EECBF /* Project object */;
}
